{
  "name": "server-ssl",
  "lockfileVersion": 3,
  "requires": true,
  "packages": {
    "": {
      "dependencies": {
        "lets-encrypt-acme-client": "^3.0.1",
        "simple-api-router": "^1.1.1"
      }
    },
    "node_modules/base-acme-client": {
      "version": "3.0.1",
      "resolved": "https://registry.npmjs.org/base-acme-client/-/base-acme-client-3.0.1.tgz",
      "integrity": "sha512-D6n2s2h3+czDZ3f7Xxwp5tiUA0RnjFDrcYESsQOXXyWpHzWTAtEaScHhEprTrjUzVS4J+jNzAktnzkmOmGlxpw==",
      "license": "Apache-2.0",
      "dependencies": {
        "simple-csr-generator": "^3.0.1"
      }
    },
    "node_modules/lets-encrypt-acme-client": {
      "version": "3.0.1",
      "resolved": "https://registry.npmjs.org/lets-encrypt-acme-client/-/lets-encrypt-acme-client-3.0.1.tgz",
      "integrity": "sha512-RDWXK3BO9gSUoQAmqRlqEIxguVEdRcdzfOEQPBGeJPDdjKzf4jxrITK1oj/Le97cMm6z8CFLOKKHOh+g1ee4UA==",
      "license": "Apache-2.0",
      "dependencies": {
        "base-acme-client": "^3.0.1",
        "simple-asn1": "^3.0.1"
      }
    },
    "node_modules/simple-api-router": {
      "version": "1.1.1",
      "resolved": "https://registry.npmjs.org/simple-api-router/-/simple-api-router-1.1.1.tgz",
      "integrity": "sha512-586uO0JDl0U7LabGWAVrNG/Lm1kFHSLEiVykcBuym9reUFagz2f24ucskMjNcRSsX7ygdANgxWktH+BouRxTNw==",
      "license": "Apache-2.0"
    },
    "node_modules/simple-asn1": {
      "version": "3.0.1",
      "resolved": "https://registry.npmjs.org/simple-asn1/-/simple-asn1-3.0.1.tgz",
      "integrity": "sha512-PyCgLP9xUjPaMU1r6hy/c5t+cVvkwC267Aeh24vjYpbe7Ru4BYuDuhvIaf/A3MRnr5dfK22qMGII7gFwtlelRA==",
      "license": "Apache-2.0"
    },
    "node_modules/simple-csr-generator": {
      "version": "3.0.1",
      "resolved": "https://registry.npmjs.org/simple-csr-generator/-/simple-csr-generator-3.0.1.tgz",
      "integrity": "sha512-Hbcj999CCMuMXcp/7S1oAaEQ3eptApY22tQ+C8PKcGKOO43M5UHMpSiqCpzQBrSBSiEUeU4QgQrrc6hvcpYgWg==",
      "license": "Apache-2.0",
      "dependencies": {
        "simple-asn1": "^3.0.1"
      }
    }
  }
}
