{
  "name": "server-ssl",
  "version": "33.0.3",
  "lockfileVersion": 3,
  "requires": true,
  "packages": {
    "": {
      "name": "server-ssl",
      "version": "33.0.3",
      "license": "Apache-2.0",
      "dependencies": {
        "lets-encrypt-acme-client": "^9.0.1",
        "simple-api-router": "^1.1.1"
      }
    },
    "node_modules/base-acme-client": {
      "version": "9.0.1",
      "resolved": "https://registry.npmjs.org/base-acme-client/-/base-acme-client-9.0.1.tgz",
      "integrity": "sha512-JOdkXq53zHbNbj9752qeMW1UTglHak7GRfIb+oL4Mmgwpbfwnr9oCufzXyFTI3BOp7l5r8GLIhSHwYWHL8adYw==",
      "license": "Apache-2.0",
      "dependencies": {
        "simple-csr-generator": "^4.0.1"
      }
    },
    "node_modules/lets-encrypt-acme-client": {
      "version": "9.0.1",
      "resolved": "https://registry.npmjs.org/lets-encrypt-acme-client/-/lets-encrypt-acme-client-9.0.1.tgz",
      "integrity": "sha512-hUd0Vfku0Rq1liPvo6bQQM8elSiywzhBbRPU7OKRCl6jnI+b8j5iieTzwDYizZKPWsFygspMGOGhupP9ipzybA==",
      "license": "Apache-2.0",
      "dependencies": {
        "base-acme-client": "^9.0.1",
        "simple-asn1": "^4.0.1"
      }
    },
    "node_modules/simple-api-router": {
      "version": "1.1.1",
      "resolved": "https://registry.npmjs.org/simple-api-router/-/simple-api-router-1.1.1.tgz",
      "integrity": "sha512-586uO0JDl0U7LabGWAVrNG/Lm1kFHSLEiVykcBuym9reUFagz2f24ucskMjNcRSsX7ygdANgxWktH+BouRxTNw==",
      "license": "Apache-2.0"
    },
    "node_modules/simple-asn1": {
      "version": "4.0.1",
      "resolved": "https://registry.npmjs.org/simple-asn1/-/simple-asn1-4.0.1.tgz",
      "integrity": "sha512-Dq2vJRYCEf+UziNg+2D0QbDDmFx4XjQDydbJrZ82FV8qsYOSU7gNtGM5GWjeK/3cQJYsFVjDm78CBRKYsAyaPg==",
      "license": "Apache-2.0"
    },
    "node_modules/simple-csr-generator": {
      "version": "4.0.1",
      "resolved": "https://registry.npmjs.org/simple-csr-generator/-/simple-csr-generator-4.0.1.tgz",
      "integrity": "sha512-rFhihvNFEZYSVhpww5xV+K/mExynarL+Je7Y40ESom4NL6wbZdrbiKV6M3iYgF//OwAlRPphY8xfTaOo1yoC3Q==",
      "license": "Apache-2.0",
      "dependencies": {
        "simple-asn1": "^4.0.1"
      }
    }
  }
}
