{
  "name": "server-ssl",
  "version": "40.0.2",
  "lockfileVersion": 3,
  "requires": true,
  "packages": {
    "": {
      "name": "server-ssl",
      "version": "40.0.2",
      "license": "Apache-2.0",
      "dependencies": {
        "base-acme-client": "^10.0.2",
        "lets-encrypt-acme-client": "^10.0.4",
        "simple-api-router": "^1.1.1"
      }
    },
    "node_modules/base-acme-client": {
      "version": "10.0.2",
      "resolved": "https://registry.npmjs.org/base-acme-client/-/base-acme-client-10.0.2.tgz",
      "integrity": "sha512-7rru9wGMsUPDl0ZVzdpOQtcHUN4HHBcRv/rUqB4osDHwOBxf66MrhlH/zeqwilodfh01rrGGF3mAR2aOkbycQg==",
      "license": "Apache-2.0",
      "dependencies": {
        "simple-csr-generator": "^4.0.1"
      }
    },
    "node_modules/lets-encrypt-acme-client": {
      "version": "10.0.4",
      "resolved": "https://registry.npmjs.org/lets-encrypt-acme-client/-/lets-encrypt-acme-client-10.0.4.tgz",
      "integrity": "sha512-5vd3P0lnMh0MJUzA4cN3+tlC4Mzl7Mi0IsVWzd5D1c+mQ5QceLHVoRSNfZD1GyUCWaxFT5H10uK7+OD1khlqnQ==",
      "license": "Apache-2.0",
      "dependencies": {
        "base-acme-client": "^10.0.2",
        "simple-asn1": "^4.0.1"
      }
    },
    "node_modules/simple-api-router": {
      "version": "1.1.1",
      "resolved": "https://registry.npmjs.org/simple-api-router/-/simple-api-router-1.1.1.tgz",
      "integrity": "sha512-586uO0JDl0U7LabGWAVrNG/Lm1kFHSLEiVykcBuym9reUFagz2f24ucskMjNcRSsX7ygdANgxWktH+BouRxTNw==",
      "license": "Apache-2.0"
    },
    "node_modules/simple-asn1": {
      "version": "4.0.1",
      "resolved": "https://registry.npmjs.org/simple-asn1/-/simple-asn1-4.0.1.tgz",
      "integrity": "sha512-Dq2vJRYCEf+UziNg+2D0QbDDmFx4XjQDydbJrZ82FV8qsYOSU7gNtGM5GWjeK/3cQJYsFVjDm78CBRKYsAyaPg==",
      "license": "Apache-2.0"
    },
    "node_modules/simple-csr-generator": {
      "version": "4.0.1",
      "resolved": "https://registry.npmjs.org/simple-csr-generator/-/simple-csr-generator-4.0.1.tgz",
      "integrity": "sha512-rFhihvNFEZYSVhpww5xV+K/mExynarL+Je7Y40ESom4NL6wbZdrbiKV6M3iYgF//OwAlRPphY8xfTaOo1yoC3Q==",
      "license": "Apache-2.0",
      "dependencies": {
        "simple-asn1": "^4.0.1"
      }
    }
  }
}
